
Microsoft Visual Studio Solution File, Format Version 12.00
# Visual Studio 15
VisualStudioVersion = 15.0.27703.2035
MinimumVisualStudioVersion = 10.0.40219.1
Project("{9A19103F-16F7-4668-BE54-9A1E7A4F7556}") = "StdEasyArchitect.Core", "StdEasyArchitect.Core\StdEasyArchitect.Core.csproj", "{590A6107-46F4-4B14-B04E-C574DC825505}"
EndProject
Project("{9A19103F-16F7-4668-BE54-9A1E7A4F7556}") = "StdEasyArchitect.Web.WebApiHostBase", "StdEasyArchitect.Web.WebApiHostBase\StdEasyArchitect.Web.WebApiHostBase.csproj", "{D6F7AC86-DEB5-4EED-8D82-240B69F47650}"
EndProject
Project("{2150E333-8FDC-42A3-9474-1A3956D46DE8}") = "Websites", "Websites", "{1D460A95-F236-4697-BD7A-BFA319A86C95}"
EndProject
Project("{9A19103F-16F7-4668-BE54-9A1E7A4F7556}") = "WebCore21ApiApp1", "WebCore21ApiApp1\WebCore21ApiApp1.csproj", "{F80FD680-DDEA-47A9-BB30-D3FCAF8F2374}"
EndProject
Project("{2150E333-8FDC-42A3-9474-1A3956D46DE8}") = "BO", "BO", "{0DDAD91D-ED04-419C-9F89-9493F5611324}"
EndProject
Project("{9A19103F-16F7-4668-BE54-9A1E7A4F7556}") = "MyUserDataBO", "MyUserDataBO\MyUserDataBO.csproj", "{B98727B5-FCAB-4AC4-8279-C8F742CF6AF7}"
EndProject
Project("{2150E333-8FDC-42A3-9474-1A3956D46DE8}") = "DataAccess", "DataAccess", "{31031FE6-8A1F-4964-9CA4-C09CC36DA44D}"
EndProject
Project("{9A19103F-16F7-4668-BE54-9A1E7A4F7556}") = "MyUserDataModels", "MyUserDataModels\MyUserDataModels.csproj", "{6CF2356E-1B4E-4794-A8CC-391B156D56C6}"
EndProject
Global
	GlobalSection(SolutionConfigurationPlatforms) = preSolution
		Debug|Any CPU = Debug|Any CPU
		Release|Any CPU = Release|Any CPU
	EndGlobalSection
	GlobalSection(ProjectConfigurationPlatforms) = postSolution
		{590A6107-46F4-4B14-B04E-C574DC825505}.Debug|Any CPU.ActiveCfg = Debug|Any CPU
		{590A6107-46F4-4B14-B04E-C574DC825505}.Debug|Any CPU.Build.0 = Debug|Any CPU
		{590A6107-46F4-4B14-B04E-C574DC825505}.Release|Any CPU.ActiveCfg = Release|Any CPU
		{590A6107-46F4-4B14-B04E-C574DC825505}.Release|Any CPU.Build.0 = Release|Any CPU
		{D6F7AC86-DEB5-4EED-8D82-240B69F47650}.Debug|Any CPU.ActiveCfg = Debug|Any CPU
		{D6F7AC86-DEB5-4EED-8D82-240B69F47650}.Debug|Any CPU.Build.0 = Debug|Any CPU
		{D6F7AC86-DEB5-4EED-8D82-240B69F47650}.Release|Any CPU.ActiveCfg = Release|Any CPU
		{D6F7AC86-DEB5-4EED-8D82-240B69F47650}.Release|Any CPU.Build.0 = Release|Any CPU
		{F80FD680-DDEA-47A9-BB30-D3FCAF8F2374}.Debug|Any CPU.ActiveCfg = Debug|Any CPU
		{F80FD680-DDEA-47A9-BB30-D3FCAF8F2374}.Debug|Any CPU.Build.0 = Debug|Any CPU
		{F80FD680-DDEA-47A9-BB30-D3FCAF8F2374}.Release|Any CPU.ActiveCfg = Release|Any CPU
		{F80FD680-DDEA-47A9-BB30-D3FCAF8F2374}.Release|Any CPU.Build.0 = Release|Any CPU
		{B98727B5-FCAB-4AC4-8279-C8F742CF6AF7}.Debug|Any CPU.ActiveCfg = Debug|Any CPU
		{B98727B5-FCAB-4AC4-8279-C8F742CF6AF7}.Debug|Any CPU.Build.0 = Debug|Any CPU
		{B98727B5-FCAB-4AC4-8279-C8F742CF6AF7}.Release|Any CPU.ActiveCfg = Release|Any CPU
		{B98727B5-FCAB-4AC4-8279-C8F742CF6AF7}.Release|Any CPU.Build.0 = Release|Any CPU
		{6CF2356E-1B4E-4794-A8CC-391B156D56C6}.Debug|Any CPU.ActiveCfg = Debug|Any CPU
		{6CF2356E-1B4E-4794-A8CC-391B156D56C6}.Debug|Any CPU.Build.0 = Debug|Any CPU
		{6CF2356E-1B4E-4794-A8CC-391B156D56C6}.Release|Any CPU.ActiveCfg = Release|Any CPU
		{6CF2356E-1B4E-4794-A8CC-391B156D56C6}.Release|Any CPU.Build.0 = Release|Any CPU
	EndGlobalSection
	GlobalSection(SolutionProperties) = preSolution
		HideSolutionNode = FALSE
	EndGlobalSection
	GlobalSection(NestedProjects) = preSolution
		{F80FD680-DDEA-47A9-BB30-D3FCAF8F2374} = {1D460A95-F236-4697-BD7A-BFA319A86C95}
		{B98727B5-FCAB-4AC4-8279-C8F742CF6AF7} = {0DDAD91D-ED04-419C-9F89-9493F5611324}
		{6CF2356E-1B4E-4794-A8CC-391B156D56C6} = {31031FE6-8A1F-4964-9CA4-C09CC36DA44D}
	EndGlobalSection
	GlobalSection(ExtensibilityGlobals) = postSolution
		SolutionGuid = {F0C5CE0E-354A-41C9-87CC-ECB8124AF7F1}
	EndGlobalSection
EndGlobal
